github.com/codysoyland/gomod-b v0.1.0 h1:1UkH1+HldBC5Bc1LpVKkhRuIjF/nBQqm5C1m17lojOE=
github.com/codysoyland/gomod-b v0.1.0/go.mod h1:pW+idZjMkzymzOgUf3Npm0sRtVZdHhOqrWLwzi8XDQY=
github.com/codysoyland/gomod-c v0.0.0-20190515141816-c30ca082eb5d h1:Q8a82ffwyiMOERo6oldXL3TKOrxidaP1NseChLeNik4=
github.com/codysoyland/gomod-c v0.0.0-20190515141816-c30ca082eb5d/go.mod h1:Kpqdw2OFM56y3zDMbGKD3STlR47Kuwu2XEKDjfkGhCQ=
github.com/codysoyland/gomod-d v1.0.0 h1:ZO9So7xGrZv/xHxSds+Ku1PfzefEL6UWlMz0K7da8wk=
github.com/codysoyland/gomod-d v1.0.0/go.mod h1:jYkMAWdW2j3iiSsFP1g8uW0GUExwsV37QFlIO16+8ic=
github.com/codysoyland/gomod-d/v2 v2.0.0 h1:HvTrgIogF55qOPZ10a0pxzt5Q1fekWUsqbbvgKzhFcc=
github.com/codysoyland/gomod-d/v2 v2.0.0/go.mod h1:UFTiegfkMzFmP9a9JSHW6K0kPWZua92W4Tzl7udBSo8=
